
Microsoft Visual Studio Solution File, Format Version 12.00
# Visual Studio Version 16
VisualStudioVersion = 25.0.1706.7
MinimumVisualStudioVersion = 10.0.40219.1
Project("{FAE04EC0-301F-11D3-BF4B-00C04F79EFBC}") = "CSharpConstructors", "CSharpConstructors.csproj", "{35B9440D-CAA6-4676-906B-7577670B3851}"
EndProject
Global
	GlobalSection(SolutionConfigurationPlatforms) = preSolution
		Debug|Any CPU = Debug|Any CPU
		Release|Any CPU = Release|Any CPU
	EndGlobalSection
	GlobalSection(ProjectConfigurationPlatforms) = postSolution
		{35B9440D-CAA6-4676-906B-7577670B3851}.Debug|Any CPU.ActiveCfg = Debug|Any CPU
		{35B9440D-CAA6-4676-906B-7577670B3851}.Debug|Any CPU.Build.0 = Debug|Any CPU
		{35B9440D-CAA6-4676-906B-7577670B3851}.Release|Any CPU.ActiveCfg = Release|Any CPU
		{35B9440D-CAA6-4676-906B-7577670B3851}.Release|Any CPU.Build.0 = Release|Any CPU
	EndGlobalSection
	GlobalSection(SolutionProperties) = preSolution
		HideSolutionNode = FALSE
	EndGlobalSection
	GlobalSection(ExtensibilityGlobals) = postSolution
		SolutionGuid = {60E0908C-8CF0-4022-A9BE-63D792BEA4A3}
	EndGlobalSection
EndGlobal
